// !$*UTF8*$!
{
	archiveVersion = 1;
	classes = {
	};
	objectVersion = 56;
	objects = {

/* Begin PBXBuildFile section */
		B631D5DE2C7B387000E6CEC5 /* chronicleApp.swift in Sources */ = {isa = PBXBuildFile; fileRef = B631D5DD2C7B387000E6CEC5 /* chronicleApp.swift */; };
		B631D5E02C7B387000E6CEC5 /* ContentView.swift in Sources */ = {isa = PBXBuildFile; fileRef = B631D5DF2C7B387000E6CEC5 /* ContentView.swift */; };
		B631D5E22C7B387200E6CEC5 /* Assets.xcassets in Resources */ = {isa = PBXBuildFile; fileRef = B631D5E12C7B387200E6CEC5 /* Assets.xcassets */; };
		B631D5E52C7B387200E6CEC5 /* Preview Assets.xcassets in Resources */ = {isa = PBXBuildFile; fileRef = B631D5E42C7B387200E6CEC5 /* Preview Assets.xcassets */; };
		B631D5EF2C7B387300E6CEC5 /* chronicleTests.swift in Sources */ = {isa = PBXBuildFile; fileRef = B631D5EE2C7B387300E6CEC5 /* chronicleTests.swift */; };
		B631D5F92C7B387300E6CEC5 /* chronicleUITests.swift in Sources */ = {isa = PBXBuildFile; fileRef = B631D5F82C7B387300E6CEC5 /* chronicleUITests.swift */; };
		B631D5FB2C7B387300E6CEC5 /* chronicleUITestsLaunchTests.swift in Sources */ = {isa = PBXBuildFile; fileRef = B631D5FA2C7B387300E6CEC5 /* chronicleUITestsLaunchTests.swift */; };
/* End PBXBuildFile section */

/* Begin PBXContainerItemProxy section */
		B631D5EB2C7B387300E6CEC5 /* PBXContainerItemProxy */ = {
			isa = PBXContainerItemProxy;
			containerPortal = B631D5D22C7B387000E6CEC5 /* Project object */;
			proxyType = 1;
			remoteGlobalIDString = B631D5D92C7B387000E6CEC5;
			remoteInfo = chronicle;
		};
		B631D5F52C7B387300E6CEC5 /* PBXContainerItemProxy */ = {
			isa = PBXContainerItemProxy;
			containerPortal = B631D5D22C7B387000E6CEC5 /* Project object */;
			proxyType = 1;
			remoteGlobalIDString = B631D5D92C7B387000E6CEC5;
			remoteInfo = chronicle;
		};
/* End PBXContainerItemProxy section */

/* Begin PBXFileReference section */
		B631D5DA2C7B387000E6CEC5 /* chronicle.app */ = {isa = PBXFileReference; explicitFileType = wrapper.application; includeInIndex = 0; path = chronicle.app; sourceTree = BUILT_PRODUCTS_DIR; };
		B631D5DD2C7B387000E6CEC5 /* chronicleApp.swift */ = {isa = PBXFileReference; lastKnownFileType = sourcecode.swift; path = chronicleApp.swift; sourceTree = "<group>"; };
		B631D5DF2C7B387000E6CEC5 /* ContentView.swift */ = {isa = PBXFileReference; lastKnownFileType = sourcecode.swift; path = ContentView.swift; sourceTree = "<group>"; };
		B631D5E12C7B387200E6CEC5 /* Assets.xcassets */ = {isa = PBXFileReference; lastKnownFileType = folder.assetcatalog; path = Assets.xcassets; sourceTree = "<group>"; };
		B631D5E42C7B387200E6CEC5 /* Preview Assets.xcassets */ = {isa = PBXFileReference; lastKnownFileType = folder.assetcatalog; path = "Preview Assets.xcassets"; sourceTree = "<group>"; };
		B631D5EA2C7B387300E6CEC5 /* chronicleTests.xctest */ = {isa = PBXFileReference; explicitFileType = wrapper.cfbundle; includeInIndex = 0; path = chronicleTests.xctest; sourceTree = BUILT_PRODUCTS_DIR; };
		B631D5EE2C7B387300E6CEC5 /* chronicleTests.swift */ = {isa = PBXFileReference; lastKnownFileType = sourcecode.swift; path = chronicleTests.swift; sourceTree = "<group>"; };
		B631D5F42C7B387300E6CEC5 /* chronicleUITests.xctest */ = {isa = PBXFileReference; explicitFileType = wrapper.cfbundle; includeInIndex = 0; path = chronicleUITests.xctest; sourceTree = BUILT_PRODUCTS_DIR; };
		B631D5F82C7B387300E6CEC5 /* chronicleUITests.swift */ = {isa = PBXFileReference; lastKnownFileType = sourcecode.swift; path = chronicleUITests.swift; sourceTree = "<group>"; };
		B631D5FA2C7B387300E6CEC5 /* chronicleUITestsLaunchTests.swift */ = {isa = PBXFileReference; lastKnownFileType = sourcecode.swift; path = chronicleUITestsLaunchTests.swift; sourceTree = "<group>"; };
/* End PBXFileReference section */

/* Begin PBXFrameworksBuildPhase section */
		B631D5D72C7B387000E6CEC5 /* Frameworks */ = {
			isa = PBXFrameworksBuildPhase;
			buildActionMask = 2147483647;
			files = (
			);
			runOnlyForDeploymentPostprocessing = 0;
		};
		B631D5E72C7B387300E6CEC5 /* Frameworks */ = {
			isa = PBXFrameworksBuildPhase;
			buildActionMask = 2147483647;
			files = (
			);
			runOnlyForDeploymentPostprocessing = 0;
		};
		B631D5F12C7B387300E6CEC5 /* Frameworks */ = {
			isa = PBXFrameworksBuildPhase;
			buildActionMask = 2147483647;
			files = (
			);
			runOnlyForDeploymentPostprocessing = 0;
		};
/* End PBXFrameworksBuildPhase section */

/* Begin PBXGroup section */
		B631D5D12C7B387000E6CEC5 = {
			isa = PBXGroup;
			children = (
				B631D5DC2C7B387000E6CEC5 /* chronicle */,
				B631D5ED2C7B387300E6CEC5 /* chronicleTests */,
				B631D5F72C7B387300E6CEC5 /* chronicleUITests */,
				B631D5DB2C7B387000E6CEC5 /* Products */,
			);
			sourceTree = "<group>";
		};
		B631D5DB2C7B387000E6CEC5 /* Products */ = {
			isa = PBXGroup;
			children = (
				B631D5DA2C7B387000E6CEC5 /* chronicle.app */,
				B631D5EA2C7B387300E6CEC5 /* chronicleTests.xctest */,
				B631D5F42C7B387300E6CEC5 /* chronicleUITests.xctest */,
			);
			name = Products;
			sourceTree = "<group>";
		};
		B631D5DC2C7B387000E6CEC5 /* chronicle */ = {
			isa = PBXGroup;
			children = (
				B631D5DD2C7B387000E6CEC5 /* chronicleApp.swift */,
				B631D5DF2C7B387000E6CEC5 /* ContentView.swift */,
				B631D5E12C7B387200E6CEC5 /* Assets.xcassets */,
				B631D5E32C7B387200E6CEC5 /* Preview Content */,
			);
			path = chronicle;
			sourceTree = "<group>";
		};
		B631D5E32C7B387200E6CEC5 /* Preview Content */ = {
			isa = PBXGroup;
			children = (
				B631D5E42C7B387200E6CEC5 /* Preview Assets.xcassets */,
			);
			path = "Preview Content";
			sourceTree = "<group>";
		};
		B631D5ED2C7B387300E6CEC5 /* chronicleTests */ = {
			isa = PBXGroup;
			children = (
				B631D5EE2C7B387300E6CEC5 /* chronicleTests.swift */,
			);
			path = chronicleTests;
			sourceTree = "<group>";
		};
		B631D5F72C7B387300E6CEC5 /* chronicleUITests */ = {
			isa = PBXGroup;
			children = (
				B631D5F82C7B387300E6CEC5 /* chronicleUITests.swift */,
				B631D5FA2C7B387300E6CEC5 /* chronicleUITestsLaunchTests.swift */,
			);
			path = chronicleUITests;
			sourceTree = "<group>";
		};
/* End PBXGroup section */

/* Begin PBXNativeTarget section */
		B631D5D92C7B387000E6CEC5 /* chronicle */ = {
			isa = PBXNativeTarget;
			buildConfigurationList = B631D5FE2C7B387300E6CEC5 /* Build configuration list for PBXNativeTarget "chronicle" */;
			buildPhases = (
				B631D5D62C7B387000E6CEC5 /* Sources */,
				B631D5D72C7B387000E6CEC5 /* Frameworks */,
				B631D5D82C7B387000E6CEC5 /* Resources */,
			);
			buildRules = (
			);
			dependencies = (
			);
			name = chronicle;
			productName = chronicle;
			productReference = B631D5DA2C7B387000E6CEC5 /* chronicle.app */;
			productType = "com.apple.product-type.application";
		};
		B631D5E92C7B387300E6CEC5 /* chronicleTests */ = {
			isa = PBXNativeTarget;
			buildConfigurationList = B631D6012C7B387300E6CEC5 /* Build configuration list for PBXNativeTarget "chronicleTests" */;
			buildPhases = (
				B631D5E62C7B387300E6CEC5 /* Sources */,
				B631D5E72C7B387300E6CEC5 /* Frameworks */,
				B631D5E82C7B387300E6CEC5 /* Resources */,
			);
			buildRules = (
			);
			dependencies = (
				B631D5EC2C7B387300E6CEC5 /* PBXTargetDependency */,
			);
			name = chronicleTests;
			productName = chronicleTests;
			productReference = B631D5EA2C7B387300E6CEC5 /* chronicleTests.xctest */;
			productType = "com.apple.product-type.bundle.unit-test";
		};
		B631D5F32C7B387300E6CEC5 /* chronicleUITests */ = {
			isa = PBXNativeTarget;
			buildConfigurationList = B631D6042C7B387300E6CEC5 /* Build configuration list for PBXNativeTarget "chronicleUITests" */;
			buildPhases = (
				B631D5F02C7B387300E6CEC5 /* Sources */,
				B631D5F12C7B387300E6CEC5 /* Frameworks */,
				B631D5F22C7B387300E6CEC5 /* Resources */,
			);
			buildRules = (
			);
			dependencies = (
				B631D5F62C7B387300E6CEC5 /* PBXTargetDependency */,
			);
			name = chronicleUITests;
			productName = chronicleUITests;
			productReference = B631D5F42C7B387300E6CEC5 /* chronicleUITests.xctest */;
			productType = "com.apple.product-type.bundle.ui-testing";
		};
/* End PBXNativeTarget section */

/* Begin PBXProject section */
		B631D5D22C7B387000E6CEC5 /* Project object */ = {
			isa = PBXProject;
			attributes = {
				BuildIndependentTargetsInParallel = 1;
				LastSwiftUpdateCheck = 1540;
				LastUpgradeCheck = 1540;
				TargetAttributes = {
					B631D5D92C7B387000E6CEC5 = {
						CreatedOnToolsVersion = 15.4;
					};
					B631D5E92C7B387300E6CEC5 = {
						CreatedOnToolsVersion = 15.4;
						TestTargetID = B631D5D92C7B387000E6CEC5;
					};
					B631D5F32C7B387300E6CEC5 = {
						CreatedOnToolsVersion = 15.4;
						TestTargetID = B631D5D92C7B387000E6CEC5;
					};
				};
			};
			buildConfigurationList = B631D5D52C7B387000E6CEC5 /* Build configuration list for PBXProject "chronicle" */;
			compatibilityVersion = "Xcode 14.0";
			developmentRegion = en;
			hasScannedForEncodings = 0;
			knownRegions = (
				en,
				Base,
			);
			mainGroup = B631D5D12C7B387000E6CEC5;
			productRefGroup = B631D5DB2C7B387000E6CEC5 /* Products */;
			projectDirPath = "";
			projectRoot = "";
			targets = (
				B631D5D92C7B387000E6CEC5 /* chronicle */,
				B631D5E92C7B387300E6CEC5 /* chronicleTests */,
				B631D5F32C7B387300E6CEC5 /* chronicleUITests */,
			);
		};
/* End PBXProject section */

/* Begin PBXResourcesBuildPhase section */
		B631D5D82C7B387000E6CEC5 /* Resources */ = {
			isa = PBXResourcesBuildPhase;
			buildActionMask = 2147483647;
			files = (
				B631D5E52C7B387200E6CEC5 /* Preview Assets.xcassets in Resources */,
				B631D5E22C7B387200E6CEC5 /* Assets.xcassets in Resources */,
			);
			runOnlyForDeploymentPostprocessing = 0;
		};
		B631D5E82C7B387300E6CEC5 /* Resources */ = {
			isa = PBXResourcesBuildPhase;
			buildActionMask = 2147483647;
			files = (
			);
			runOnlyForDeploymentPostprocessing = 0;
		};
		B631D5F22C7B387300E6CEC5 /* Resources */ = {
			isa = PBXResourcesBuildPhase;
			buildActionMask = 2147483647;
			files = (
			);
			runOnlyForDeploymentPostprocessing = 0;
		};
/* End PBXResourcesBuildPhase section */

/* Begin PBXSourcesBuildPhase section */
		B631D5D62C7B387000E6CEC5 /* Sources */ = {
			isa = PBXSourcesBuildPhase;
			buildActionMask = 2147483647;
			files = (
				B631D5E02C7B387000E6CEC5 /* ContentView.swift in Sources */,
				B631D5DE2C7B387000E6CEC5 /* chronicleApp.swift in Sources */,
			);
			runOnlyForDeploymentPostprocessing = 0;
		};
		B631D5E62C7B387300E6CEC5 /* Sources */ = {
			isa = PBXSourcesBuildPhase;
			buildActionMask = 2147483647;
			files = (
				B631D5EF2C7B387300E6CEC5 /* chronicleTests.swift in Sources */,
			);
			runOnlyForDeploymentPostprocessing = 0;
		};
		B631D5F02C7B387300E6CEC5 /* Sources */ = {
			isa = PBXSourcesBuildPhase;
			buildActionMask = 2147483647;
			files = (
				B631D5FB2C7B387300E6CEC5 /* chronicleUITestsLaunchTests.swift in Sources */,
				B631D5F92C7B387300E6CEC5 /* chronicleUITests.swift in Sources */,
			);
			runOnlyForDeploymentPostprocessing = 0;
		};
/* End PBXSourcesBuildPhase section */

/* Begin PBXTargetDependency section */
		B631D5EC2C7B387300E6CEC5 /* PBXTargetDependency */ = {
			isa = PBXTargetDependency;
			target = B631D5D92C7B387000E6CEC5 /* chronicle */;
			targetProxy = B631D5EB2C7B387300E6CEC5 /* PBXContainerItemProxy */;
		};
		B631D5F62C7B387300E6CEC5 /* PBXTargetDependency */ = {
			isa = PBXTargetDependency;
			target = B631D5D92C7B387000E6CEC5 /* chronicle */;
			targetProxy = B631D5F52C7B387300E6CEC5 /* PBXContainerItemProxy */;
		};
/* End PBXTargetDependency section */

/* Begin XCBuildConfiguration section */
		B631D5FC2C7B387300E6CEC5 /* Debug */ = {
			isa = XCBuildConfiguration;
			buildSettings = {
				ALWAYS_SEARCH_USER_PATHS = NO;
				ASSETCATALOG_COMPILER_GENERATE_SWIFT_ASSET_SYMBOL_EXTENSIONS = YES;
				CLANG_ANALYZER_NONNULL = YES;
				CLANG_ANALYZER_NUMBER_OBJECT_CONVERSION = YES_AGGRESSIVE;
				CLANG_CXX_LANGUAGE_STANDARD = "gnu++20";
				CLANG_ENABLE_MODULES = YES;
				CLANG_ENABLE_OBJC_ARC = YES;
				CLANG_ENABLE_OBJC_WEAK = YES;
				CLANG_WARN_BLOCK_CAPTURE_AUTORELEASING = YES;
				CLANG_WARN_BOOL_CONVERSION = YES;
				CLANG_WARN_COMMA = YES;
				CLANG_WARN_CONSTANT_CONVERSION = YES;
				CLANG_WARN_DEPRECATED_OBJC_IMPLEMENTATIONS = YES;
				CLANG_WARN_DIRECT_OBJC_ISA_USAGE = YES_ERROR;
				CLANG_WARN_DOCUMENTATION_COMMENTS = YES;
				CLANG_WARN_EMPTY_BODY = YES;
				CLANG_WARN_ENUM_CONVERSION = YES;
				CLANG_WARN_INFINITE_RECURSION = YES;
				CLANG_WARN_INT_CONVERSION = YES;
				CLANG_WARN_NON_LITERAL_NULL_CONVERSION = YES;
				CLANG_WARN_OBJC_IMPLICIT_RETAIN_SELF = YES;
				CLANG_WARN_OBJC_LITERAL_CONVERSION = YES;
				CLANG_WARN_OBJC_ROOT_CLASS = YES_ERROR;
				CLANG_WARN_QUOTED_INCLUDE_IN_FRAMEWORK_HEADER = YES;
				CLANG_WARN_RANGE_LOOP_ANALYSIS = YES;
				CLANG_WARN_STRICT_PROTOTYPES = YES;
				CLANG_WARN_SUSPICIOUS_MOVE = YES;
				CLANG_WARN_UNGUARDED_AVAILABILITY = YES_AGGRESSIVE;
				CLANG_WARN_UNREACHABLE_CODE = YES;
				CLANG_WARN__DUPLICATE_METHOD_MATCH = YES;
				COPY_PHASE_STRIP = NO;
				DEBUG_INFORMATION_FORMAT = dwarf;
				ENABLE_STRICT_OBJC_MSGSEND = YES;
				ENABLE_TESTABILITY = YES;
				ENABLE_USER_SCRIPT_SANDBOXING = YES;
				GCC_C_LANGUAGE_STANDARD = gnu17;
				GCC_DYNAMIC_NO_PIC = NO;
				GCC_NO_COMMON_BLOCKS = YES;
				GCC_OPTIMIZATION_LEVEL = 0;
				GCC_PREPROCESSOR_DEFINITIONS = (
					"DEBUG=1",
					"$(inherited)",
				);
				GCC_WARN_64_TO_32_BIT_CONVERSION = YES;
				GCC_WARN_ABOUT_RETURN_TYPE = YES_ERROR;
				GCC_WARN_UNDECLARED_SELECTOR = YES;
				GCC_WARN_UNINITIALIZED_AUTOS = YES_AGGRESSIVE;
				GCC_WARN_UNUSED_FUNCTION = YES;
				GCC_WARN_UNUSED_VARIABLE = YES;
				IPHONEOS_DEPLOYMENT_TARGET = 17.5;
				LOCALIZATION_PREFERS_STRING_CATALOGS = YES;
				MTL_ENABLE_DEBUG_INFO = INCLUDE_SOURCE;
				MTL_FAST_MATH = YES;
				ONLY_ACTIVE_ARCH = YES;
				SDKROOT = iphoneos;
				SWIFT_ACTIVE_COMPILATION_CONDITIONS = "DEBUG $(inherited)";
				SWIFT_OPTIMIZATION_LEVEL = "-Onone";
			};
			name = Debug;
		};
		B631D5FD2C7B387300E6CEC5 /* Release */ = {
			isa = XCBuildConfiguration;
			buildSettings = {
				ALWAYS_SEARCH_USER_PATHS = NO;
				ASSETCATALOG_COMPILER_GENERATE_SWIFT_ASSET_SYMBOL_EXTENSIONS = YES;
				CLANG_ANALYZER_NONNULL = YES;
				CLANG_ANALYZER_NUMBER_OBJECT_CONVERSION = YES_AGGRESSIVE;
				CLANG_CXX_LANGUAGE_STANDARD = "gnu++20";
				CLANG_ENABLE_MODULES = YES;
				CLANG_ENABLE_OBJC_ARC = YES;
				CLANG_ENABLE_OBJC_WEAK = YES;
				CLANG_WARN_BLOCK_CAPTURE_AUTORELEASING = YES;
				CLANG_WARN_BOOL_CONVERSION = YES;
				CLANG_WARN_COMMA = YES;
				CLANG_WARN_CONSTANT_CONVERSION = YES;
				CLANG_WARN_DEPRECATED_OBJC_IMPLEMENTATIONS = YES;
				CLANG_WARN_DIRECT_OBJC_ISA_USAGE = YES_ERROR;
				CLANG_WARN_DOCUMENTATION_COMMENTS = YES;
				CLANG_WARN_EMPTY_BODY = YES;
				CLANG_WARN_ENUM_CONVERSION = YES;
				CLANG_WARN_INFINITE_RECURSION = YES;
				CLANG_WARN_INT_CONVERSION = YES;
				CLANG_WARN_NON_LITERAL_NULL_CONVERSION = YES;
				CLANG_WARN_OBJC_IMPLICIT_RETAIN_SELF = YES;
				CLANG_WARN_OBJC_LITERAL_CONVERSION = YES;
				CLANG_WARN_OBJC_ROOT_CLASS = YES_ERROR;
				CLANG_WARN_QUOTED_INCLUDE_IN_FRAMEWORK_HEADER = YES;
				CLANG_WARN_RANGE_LOOP_ANALYSIS = YES;
				CLANG_WARN_STRICT_PROTOTYPES = YES;
				CLANG_WARN_SUSPICIOUS_MOVE = YES;
				CLANG_WARN_UNGUARDED_AVAILABILITY = YES_AGGRESSIVE;
				CLANG_WARN_UNREACHABLE_CODE = YES;
				CLANG_WARN__DUPLICATE_METHOD_MATCH = YES;
				COPY_PHASE_STRIP = NO;
				DEBUG_INFORMATION_FORMAT = "dwarf-with-dsym";
				ENABLE_NS_ASSERTIONS = NO;
				ENABLE_STRICT_OBJC_MSGSEND = YES;
				ENABLE_USER_SCRIPT_SANDBOXING = YES;
				GCC_C_LANGUAGE_STANDARD = gnu17;
				GCC_NO_COMMON_BLOCKS = YES;
				GCC_WARN_64_TO_32_BIT_CONVERSION = YES;
				GCC_WARN_ABOUT_RETURN_TYPE = YES_ERROR;
				GCC_WARN_UNDECLARED_SELECTOR = YES;
				GCC_WARN_UNINITIALIZED_AUTOS = YES_AGGRESSIVE;
				GCC_WARN_UNUSED_FUNCTION = YES;
				GCC_WARN_UNUSED_VARIABLE = YES;
				IPHONEOS_DEPLOYMENT_TARGET = 17.5;
				LOCALIZATION_PREFERS_STRING_CATALOGS = YES;
				MTL_ENABLE_DEBUG_INFO = NO;
				MTL_FAST_MATH = YES;
				SDKROOT = iphoneos;
				SWIFT_COMPILATION_MODE = wholemodule;
				VALIDATE_PRODUCT = YES;
			};
			name = Release;
		};
		B631D5FF2C7B387300E6CEC5 /* Debug */ = {
			isa = XCBuildConfiguration;
			buildSettings = {
				ASSETCATALOG_COMPILER_APPICON_NAME = AppIcon;
				ASSETCATALOG_COMPILER_GLOBAL_ACCENT_COLOR_NAME = AccentColor;
				CODE_SIGN_STYLE = Automatic;
				CURRENT_PROJECT_VERSION = 1;
				DEVELOPMENT_ASSET_PATHS = "\"chronicle/Preview Content\"";
				DEVELOPMENT_TEAM = G22B8W323P;
				ENABLE_PREVIEWS = YES;
				GENERATE_INFOPLIST_FILE = YES;
				INFOPLIST_KEY_UIApplicationSceneManifest_Generation = YES;
				INFOPLIST_KEY_UIApplicationSupportsIndirectInputEvents = YES;
				INFOPLIST_KEY_UILaunchScreen_Generation = YES;
				INFOPLIST_KEY_UISupportedInterfaceOrientations_iPad = "UIInterfaceOrientationPortrait UIInterfaceOrientationPortraitUpsideDown UIInterfaceOrientationLandscapeLeft UIInterfaceOrientationLandscapeRight";
				INFOPLIST_KEY_UISupportedInterfaceOrientations_iPhone = "UIInterfaceOrientationPortrait UIInterfaceOrientationLandscapeLeft UIInterfaceOrientationLandscapeRight";
				LD_RUNPATH_SEARCH_PATHS = (
					"$(inherited)",
					"@executable_path/Frameworks",
				);
				MARKETING_VERSION = 1.0;
				PRODUCT_BUNDLE_IDENTIFIER = chronicle.chronicle;
				PRODUCT_NAME = "$(TARGET_NAME)";
				SWIFT_EMIT_LOC_STRINGS = YES;
				SWIFT_VERSION = 5.0;
				TARGETED_DEVICE_FAMILY = "1,2";
			};
			name = Debug;
		};
		B631D6002C7B387300E6CEC5 /* Release */ = {
			isa = XCBuildConfiguration;
			buildSettings = {
				ASSETCATALOG_COMPILER_APPICON_NAME = AppIcon;
				ASSETCATALOG_COMPILER_GLOBAL_ACCENT_COLOR_NAME = AccentColor;
				CODE_SIGN_STYLE = Automatic;
				CURRENT_PROJECT_VERSION = 1;
				DEVELOPMENT_ASSET_PATHS = "\"chronicle/Preview Content\"";
				DEVELOPMENT_TEAM = G22B8W323P;
				ENABLE_PREVIEWS = YES;
				GENERATE_INFOPLIST_FILE = YES;
				INFOPLIST_KEY_UIApplicationSceneManifest_Generation = YES;
				INFOPLIST_KEY_UIApplicationSupportsIndirectInputEvents = YES;
				INFOPLIST_KEY_UILaunchScreen_Generation = YES;
				INFOPLIST_KEY_UISupportedInterfaceOrientations_iPad = "UIInterfaceOrientationPortrait UIInterfaceOrientationPortraitUpsideDown UIInterfaceOrientationLandscapeLeft UIInterfaceOrientationLandscapeRight";
				INFOPLIST_KEY_UISupportedInterfaceOrientations_iPhone = "UIInterfaceOrientationPortrait UIInterfaceOrientationLandscapeLeft UIInterfaceOrientationLandscapeRight";
				LD_RUNPATH_SEARCH_PATHS = (
					"$(inherited)",
					"@executable_path/Frameworks",
				);
				MARKETING_VERSION = 1.0;
				PRODUCT_BUNDLE_IDENTIFIER = chronicle.chronicle;
				PRODUCT_NAME = "$(TARGET_NAME)";
				SWIFT_EMIT_LOC_STRINGS = YES;
				SWIFT_VERSION = 5.0;
				TARGETED_DEVICE_FAMILY = "1,2";
			};
			name = Release;
		};
		B631D6022C7B387300E6CEC5 /* Debug */ = {
			isa = XCBuildConfiguration;
			buildSettings = {
				ALWAYS_EMBED_SWIFT_STANDARD_LIBRARIES = YES;
				BUNDLE_LOADER = "$(TEST_HOST)";
				CODE_SIGN_STYLE = Automatic;
				CURRENT_PROJECT_VERSION = 1;
				DEVELOPMENT_TEAM = G22B8W323P;
				GENERATE_INFOPLIST_FILE = YES;
				IPHONEOS_DEPLOYMENT_TARGET = 17.5;
				MARKETING_VERSION = 1.0;
				PRODUCT_BUNDLE_IDENTIFIER = chronicle.chronicleTests;
				PRODUCT_NAME = "$(TARGET_NAME)";
				SWIFT_EMIT_LOC_STRINGS = NO;
				SWIFT_VERSION = 5.0;
				TARGETED_DEVICE_FAMILY = "1,2";
				TEST_HOST = "$(BUILT_PRODUCTS_DIR)/chronicle.app/$(BUNDLE_EXECUTABLE_FOLDER_PATH)/chronicle";
			};
			name = Debug;
		};
		B631D6032C7B387300E6CEC5 /* Release */ = {
			isa = XCBuildConfiguration;
			buildSettings = {
				ALWAYS_EMBED_SWIFT_STANDARD_LIBRARIES = YES;
				BUNDLE_LOADER = "$(TEST_HOST)";
				CODE_SIGN_STYLE = Automatic;
				CURRENT_PROJECT_VERSION = 1;
				DEVELOPMENT_TEAM = G22B8W323P;
				GENERATE_INFOPLIST_FILE = YES;
				IPHONEOS_DEPLOYMENT_TARGET = 17.5;
				MARKETING_VERSION = 1.0;
				PRODUCT_BUNDLE_IDENTIFIER = chronicle.chronicleTests;
				PRODUCT_NAME = "$(TARGET_NAME)";
				SWIFT_EMIT_LOC_STRINGS = NO;
				SWIFT_VERSION = 5.0;
				TARGETED_DEVICE_FAMILY = "1,2";
				TEST_HOST = "$(BUILT_PRODUCTS_DIR)/chronicle.app/$(BUNDLE_EXECUTABLE_FOLDER_PATH)/chronicle";
			};
			name = Release;
		};
		B631D6052C7B387300E6CEC5 /* Debug */ = {
			isa = XCBuildConfiguration;
			buildSettings = {
				ALWAYS_EMBED_SWIFT_STANDARD_LIBRARIES = YES;
				CODE_SIGN_STYLE = Automatic;
				CURRENT_PROJECT_VERSION = 1;
				DEVELOPMENT_TEAM = G22B8W323P;
				GENERATE_INFOPLIST_FILE = YES;
				MARKETING_VERSION = 1.0;
				PRODUCT_BUNDLE_IDENTIFIER = chronicle.chronicleUITests;
				PRODUCT_NAME = "$(TARGET_NAME)";
				SWIFT_EMIT_LOC_STRINGS = NO;
				SWIFT_VERSION = 5.0;
				TARGETED_DEVICE_FAMILY = "1,2";
				TEST_TARGET_NAME = chronicle;
			};
			name = Debug;
		};
		B631D6062C7B387300E6CEC5 /* Release */ = {
			isa = XCBuildConfiguration;
			buildSettings = {
				ALWAYS_EMBED_SWIFT_STANDARD_LIBRARIES = YES;
				CODE_SIGN_STYLE = Automatic;
				CURRENT_PROJECT_VERSION = 1;
				DEVELOPMENT_TEAM = G22B8W323P;
				GENERATE_INFOPLIST_FILE = YES;
				MARKETING_VERSION = 1.0;
				PRODUCT_BUNDLE_IDENTIFIER = chronicle.chronicleUITests;
				PRODUCT_NAME = "$(TARGET_NAME)";
				SWIFT_EMIT_LOC_STRINGS = NO;
				SWIFT_VERSION = 5.0;
				TARGETED_DEVICE_FAMILY = "1,2";
				TEST_TARGET_NAME = chronicle;
			};
			name = Release;
		};
/* End XCBuildConfiguration section */

/* Begin XCConfigurationList section */
		B631D5D52C7B387000E6CEC5 /* Build configuration list for PBXProject "chronicle" */ = {
			isa = XCConfigurationList;
			buildConfigurations = (
				B631D5FC2C7B387300E6CEC5 /* Debug */,
				B631D5FD2C7B387300E6CEC5 /* Release */,
			);
			defaultConfigurationIsVisible = 0;
			defaultConfigurationName = Release;
		};
		B631D5FE2C7B387300E6CEC5 /* Build configuration list for PBXNativeTarget "chronicle" */ = {
			isa = XCConfigurationList;
			buildConfigurations = (
				B631D5FF2C7B387300E6CEC5 /* Debug */,
				B631D6002C7B387300E6CEC5 /* Release */,
			);
			defaultConfigurationIsVisible = 0;
			defaultConfigurationName = Release;
		};
		B631D6012C7B387300E6CEC5 /* Build configuration list for PBXNativeTarget "chronicleTests" */ = {
			isa = XCConfigurationList;
			buildConfigurations = (
				B631D6022C7B387300E6CEC5 /* Debug */,
				B631D6032C7B387300E6CEC5 /* Release */,
			);
			defaultConfigurationIsVisible = 0;
			defaultConfigurationName = Release;
		};
		B631D6042C7B387300E6CEC5 /* Build configuration list for PBXNativeTarget "chronicleUITests" */ = {
			isa = XCConfigurationList;
			buildConfigurations = (
				B631D6052C7B387300E6CEC5 /* Debug */,
				B631D6062C7B387300E6CEC5 /* Release */,
			);
			defaultConfigurationIsVisible = 0;
			defaultConfigurationName = Release;
		};
/* End XCConfigurationList section */
	};
	rootObject = B631D5D22C7B387000E6CEC5 /* Project object */;
}
